
Microsoft Visual Studio Solution File, Format Version 12.00
# Visual Studio Version 16
VisualStudioVersion = 16.0.29609.76
MinimumVisualStudioVersion = 10.0.40219.1
Project("{FAE04EC0-301F-11D3-BF4B-00C04F79EFBC}") = "dpc_app.Android", "dpc_app\dpc_app.Android\dpc_app.Android.csproj", "{F058BBCA-F7CB-4BA1-A03D-8FCFFDE852B4}"
EndProject
Project("{FAE04EC0-301F-11D3-BF4B-00C04F79EFBC}") = "dpc_app.iOS", "dpc_app\dpc_app.iOS\dpc_app.iOS.csproj", "{867BE7EF-1494-451C-BDC9-7544BCB81110}"
EndProject
Project("{9A19103F-16F7-4668-BE54-9A1E7A4F7556}") = "dpc_app", "dpc_app\dpc_app\dpc_app.csproj", "{FD312719-519E-4C60-9439-E12FD542569C}"
EndProject
Project("{2150E333-8FDC-42A3-9474-1A3956D46DE8}") = "common", "common", "{8ED19E7B-BE32-43CE-A813-B847C01499A1}"
EndProject
Project("{2150E333-8FDC-42A3-9474-1A3956D46DE8}") = "platform", "platform", "{6C717D60-2E8E-4FE1-B67A-2FB11157D348}"
EndProject
Project("{2150E333-8FDC-42A3-9474-1A3956D46DE8}") = "modules", "modules", "{80F697B3-CBD6-4258-8A77-22414FD4AA6B}"
EndProject
Project("{9A19103F-16F7-4668-BE54-9A1E7A4F7556}") = "Main", "Main\Main.csproj", "{6712E8D4-87C2-40C0-A718-20338E361619}"
EndProject
Project("{9A19103F-16F7-4668-BE54-9A1E7A4F7556}") = "dpc_app.Common", "dpc_app.Common\dpc_app.Common.csproj", "{80492A4D-13E3-416B-A345-D43A80BB7D1F}"
EndProject
Project("{FAE04EC0-301F-11D3-BF4B-00C04F79EFBC}") = "dpc_app.SharedResources", "dpc_app.SharedResources\dpc_app.SharedResources.csproj", "{551E69E3-0C26-442A-8283-CB729091CADB}"
EndProject
Global
	GlobalSection(SolutionConfigurationPlatforms) = preSolution
		Debug|Any CPU = Debug|Any CPU
		Debug|iPhone = Debug|iPhone
		Debug|iPhoneSimulator = Debug|iPhoneSimulator
		Release|Any CPU = Release|Any CPU
		Release|iPhone = Release|iPhone
		Release|iPhoneSimulator = Release|iPhoneSimulator
	EndGlobalSection
	GlobalSection(ProjectConfigurationPlatforms) = postSolution
		{F058BBCA-F7CB-4BA1-A03D-8FCFFDE852B4}.Debug|Any CPU.ActiveCfg = Debug|Any CPU
		{F058BBCA-F7CB-4BA1-A03D-8FCFFDE852B4}.Debug|Any CPU.Build.0 = Debug|Any CPU
		{F058BBCA-F7CB-4BA1-A03D-8FCFFDE852B4}.Debug|Any CPU.Deploy.0 = Debug|Any CPU
		{F058BBCA-F7CB-4BA1-A03D-8FCFFDE852B4}.Debug|iPhone.ActiveCfg = Debug|Any CPU
		{F058BBCA-F7CB-4BA1-A03D-8FCFFDE852B4}.Debug|iPhone.Build.0 = Debug|Any CPU
		{F058BBCA-F7CB-4BA1-A03D-8FCFFDE852B4}.Debug|iPhone.Deploy.0 = Debug|Any CPU
		{F058BBCA-F7CB-4BA1-A03D-8FCFFDE852B4}.Debug|iPhoneSimulator.ActiveCfg = Debug|Any CPU
		{F058BBCA-F7CB-4BA1-A03D-8FCFFDE852B4}.Debug|iPhoneSimulator.Build.0 = Debug|Any CPU
		{F058BBCA-F7CB-4BA1-A03D-8FCFFDE852B4}.Debug|iPhoneSimulator.Deploy.0 = Debug|Any CPU
		{F058BBCA-F7CB-4BA1-A03D-8FCFFDE852B4}.Release|Any CPU.ActiveCfg = Release|Any CPU
		{F058BBCA-F7CB-4BA1-A03D-8FCFFDE852B4}.Release|Any CPU.Build.0 = Release|Any CPU
		{F058BBCA-F7CB-4BA1-A03D-8FCFFDE852B4}.Release|Any CPU.Deploy.0 = Release|Any CPU
		{F058BBCA-F7CB-4BA1-A03D-8FCFFDE852B4}.Release|iPhone.ActiveCfg = Release|Any CPU
		{F058BBCA-F7CB-4BA1-A03D-8FCFFDE852B4}.Release|iPhone.Build.0 = Release|Any CPU
		{F058BBCA-F7CB-4BA1-A03D-8FCFFDE852B4}.Release|iPhone.Deploy.0 = Release|Any CPU
		{F058BBCA-F7CB-4BA1-A03D-8FCFFDE852B4}.Release|iPhoneSimulator.ActiveCfg = Release|Any CPU
		{F058BBCA-F7CB-4BA1-A03D-8FCFFDE852B4}.Release|iPhoneSimulator.Build.0 = Release|Any CPU
		{F058BBCA-F7CB-4BA1-A03D-8FCFFDE852B4}.Release|iPhoneSimulator.Deploy.0 = Release|Any CPU
		{867BE7EF-1494-451C-BDC9-7544BCB81110}.Debug|Any CPU.ActiveCfg = Debug|iPhoneSimulator
		{867BE7EF-1494-451C-BDC9-7544BCB81110}.Debug|Any CPU.Build.0 = Debug|iPhoneSimulator
		{867BE7EF-1494-451C-BDC9-7544BCB81110}.Debug|Any CPU.Deploy.0 = Debug|iPhoneSimulator
		{867BE7EF-1494-451C-BDC9-7544BCB81110}.Debug|iPhone.ActiveCfg = Debug|iPhone
		{867BE7EF-1494-451C-BDC9-7544BCB81110}.Debug|iPhone.Build.0 = Debug|iPhone
		{867BE7EF-1494-451C-BDC9-7544BCB81110}.Debug|iPhone.Deploy.0 = Debug|iPhone
		{867BE7EF-1494-451C-BDC9-7544BCB81110}.Debug|iPhoneSimulator.ActiveCfg = Debug|iPhoneSimulator
		{867BE7EF-1494-451C-BDC9-7544BCB81110}.Debug|iPhoneSimulator.Build.0 = Debug|iPhoneSimulator
		{867BE7EF-1494-451C-BDC9-7544BCB81110}.Debug|iPhoneSimulator.Deploy.0 = Debug|iPhoneSimulator
		{867BE7EF-1494-451C-BDC9-7544BCB81110}.Release|Any CPU.ActiveCfg = Release|iPhone
		{867BE7EF-1494-451C-BDC9-7544BCB81110}.Release|Any CPU.Build.0 = Release|iPhone
		{867BE7EF-1494-451C-BDC9-7544BCB81110}.Release|Any CPU.Deploy.0 = Release|iPhone
		{867BE7EF-1494-451C-BDC9-7544BCB81110}.Release|iPhone.ActiveCfg = Release|iPhone
		{867BE7EF-1494-451C-BDC9-7544BCB81110}.Release|iPhone.Build.0 = Release|iPhone
		{867BE7EF-1494-451C-BDC9-7544BCB81110}.Release|iPhone.Deploy.0 = Release|iPhone
		{867BE7EF-1494-451C-BDC9-7544BCB81110}.Release|iPhoneSimulator.ActiveCfg = Release|iPhoneSimulator
		{867BE7EF-1494-451C-BDC9-7544BCB81110}.Release|iPhoneSimulator.Build.0 = Release|iPhoneSimulator
		{867BE7EF-1494-451C-BDC9-7544BCB81110}.Release|iPhoneSimulator.Deploy.0 = Release|iPhoneSimulator
		{FD312719-519E-4C60-9439-E12FD542569C}.Debug|Any CPU.ActiveCfg = Debug|Any CPU
		{FD312719-519E-4C60-9439-E12FD542569C}.Debug|Any CPU.Build.0 = Debug|Any CPU
		{FD312719-519E-4C60-9439-E12FD542569C}.Debug|Any CPU.Deploy.0 = Debug|Any CPU
		{FD312719-519E-4C60-9439-E12FD542569C}.Debug|iPhone.ActiveCfg = Debug|Any CPU
		{FD312719-519E-4C60-9439-E12FD542569C}.Debug|iPhone.Build.0 = Debug|Any CPU
		{FD312719-519E-4C60-9439-E12FD542569C}.Debug|iPhone.Deploy.0 = Debug|Any CPU
		{FD312719-519E-4C60-9439-E12FD542569C}.Debug|iPhoneSimulator.ActiveCfg = Debug|Any CPU
		{FD312719-519E-4C60-9439-E12FD542569C}.Debug|iPhoneSimulator.Build.0 = Debug|Any CPU
		{FD312719-519E-4C60-9439-E12FD542569C}.Debug|iPhoneSimulator.Deploy.0 = Debug|Any CPU
		{FD312719-519E-4C60-9439-E12FD542569C}.Release|Any CPU.ActiveCfg = Release|Any CPU
		{FD312719-519E-4C60-9439-E12FD542569C}.Release|Any CPU.Build.0 = Release|Any CPU
		{FD312719-519E-4C60-9439-E12FD542569C}.Release|Any CPU.Deploy.0 = Release|Any CPU
		{FD312719-519E-4C60-9439-E12FD542569C}.Release|iPhone.ActiveCfg = Release|Any CPU
		{FD312719-519E-4C60-9439-E12FD542569C}.Release|iPhone.Build.0 = Release|Any CPU
		{FD312719-519E-4C60-9439-E12FD542569C}.Release|iPhone.Deploy.0 = Release|Any CPU
		{FD312719-519E-4C60-9439-E12FD542569C}.Release|iPhoneSimulator.ActiveCfg = Release|Any CPU
		{FD312719-519E-4C60-9439-E12FD542569C}.Release|iPhoneSimulator.Build.0 = Release|Any CPU
		{FD312719-519E-4C60-9439-E12FD542569C}.Release|iPhoneSimulator.Deploy.0 = Release|Any CPU
		{6712E8D4-87C2-40C0-A718-20338E361619}.Debug|Any CPU.ActiveCfg = Debug|Any CPU
		{6712E8D4-87C2-40C0-A718-20338E361619}.Debug|Any CPU.Build.0 = Debug|Any CPU
		{6712E8D4-87C2-40C0-A718-20338E361619}.Debug|iPhone.ActiveCfg = Debug|Any CPU
		{6712E8D4-87C2-40C0-A718-20338E361619}.Debug|iPhone.Build.0 = Debug|Any CPU
		{6712E8D4-87C2-40C0-A718-20338E361619}.Debug|iPhoneSimulator.ActiveCfg = Debug|Any CPU
		{6712E8D4-87C2-40C0-A718-20338E361619}.Debug|iPhoneSimulator.Build.0 = Debug|Any CPU
		{6712E8D4-87C2-40C0-A718-20338E361619}.Release|Any CPU.ActiveCfg = Release|Any CPU
		{6712E8D4-87C2-40C0-A718-20338E361619}.Release|Any CPU.Build.0 = Release|Any CPU
		{6712E8D4-87C2-40C0-A718-20338E361619}.Release|iPhone.ActiveCfg = Release|Any CPU
		{6712E8D4-87C2-40C0-A718-20338E361619}.Release|iPhone.Build.0 = Release|Any CPU
		{6712E8D4-87C2-40C0-A718-20338E361619}.Release|iPhoneSimulator.ActiveCfg = Release|Any CPU
		{6712E8D4-87C2-40C0-A718-20338E361619}.Release|iPhoneSimulator.Build.0 = Release|Any CPU
		{80492A4D-13E3-416B-A345-D43A80BB7D1F}.Debug|Any CPU.ActiveCfg = Debug|Any CPU
		{80492A4D-13E3-416B-A345-D43A80BB7D1F}.Debug|Any CPU.Build.0 = Debug|Any CPU
		{80492A4D-13E3-416B-A345-D43A80BB7D1F}.Debug|iPhone.ActiveCfg = Debug|Any CPU
		{80492A4D-13E3-416B-A345-D43A80BB7D1F}.Debug|iPhone.Build.0 = Debug|Any CPU
		{80492A4D-13E3-416B-A345-D43A80BB7D1F}.Debug|iPhoneSimulator.ActiveCfg = Debug|Any CPU
		{80492A4D-13E3-416B-A345-D43A80BB7D1F}.Debug|iPhoneSimulator.Build.0 = Debug|Any CPU
		{80492A4D-13E3-416B-A345-D43A80BB7D1F}.Release|Any CPU.ActiveCfg = Release|Any CPU
		{80492A4D-13E3-416B-A345-D43A80BB7D1F}.Release|Any CPU.Build.0 = Release|Any CPU
		{80492A4D-13E3-416B-A345-D43A80BB7D1F}.Release|iPhone.ActiveCfg = Release|Any CPU
		{80492A4D-13E3-416B-A345-D43A80BB7D1F}.Release|iPhone.Build.0 = Release|Any CPU
		{80492A4D-13E3-416B-A345-D43A80BB7D1F}.Release|iPhoneSimulator.ActiveCfg = Release|Any CPU
		{80492A4D-13E3-416B-A345-D43A80BB7D1F}.Release|iPhoneSimulator.Build.0 = Release|Any CPU
		{551E69E3-0C26-442A-8283-CB729091CADB}.Debug|Any CPU.ActiveCfg = Debug|Any CPU
		{551E69E3-0C26-442A-8283-CB729091CADB}.Debug|Any CPU.Build.0 = Debug|Any CPU
		{551E69E3-0C26-442A-8283-CB729091CADB}.Debug|iPhone.ActiveCfg = Debug|Any CPU
		{551E69E3-0C26-442A-8283-CB729091CADB}.Debug|iPhone.Build.0 = Debug|Any CPU
		{551E69E3-0C26-442A-8283-CB729091CADB}.Debug|iPhoneSimulator.ActiveCfg = Debug|Any CPU
		{551E69E3-0C26-442A-8283-CB729091CADB}.Debug|iPhoneSimulator.Build.0 = Debug|Any CPU
		{551E69E3-0C26-442A-8283-CB729091CADB}.Release|Any CPU.ActiveCfg = Release|Any CPU
		{551E69E3-0C26-442A-8283-CB729091CADB}.Release|Any CPU.Build.0 = Release|Any CPU
		{551E69E3-0C26-442A-8283-CB729091CADB}.Release|iPhone.ActiveCfg = Release|Any CPU
		{551E69E3-0C26-442A-8283-CB729091CADB}.Release|iPhone.Build.0 = Release|Any CPU
		{551E69E3-0C26-442A-8283-CB729091CADB}.Release|iPhoneSimulator.ActiveCfg = Release|Any CPU
		{551E69E3-0C26-442A-8283-CB729091CADB}.Release|iPhoneSimulator.Build.0 = Release|Any CPU
	EndGlobalSection
	GlobalSection(SolutionProperties) = preSolution
		HideSolutionNode = FALSE
	EndGlobalSection
	GlobalSection(NestedProjects) = preSolution
		{F058BBCA-F7CB-4BA1-A03D-8FCFFDE852B4} = {6C717D60-2E8E-4FE1-B67A-2FB11157D348}
		{867BE7EF-1494-451C-BDC9-7544BCB81110} = {6C717D60-2E8E-4FE1-B67A-2FB11157D348}
		{FD312719-519E-4C60-9439-E12FD542569C} = {8ED19E7B-BE32-43CE-A813-B847C01499A1}
		{6712E8D4-87C2-40C0-A718-20338E361619} = {80F697B3-CBD6-4258-8A77-22414FD4AA6B}
		{80492A4D-13E3-416B-A345-D43A80BB7D1F} = {8ED19E7B-BE32-43CE-A813-B847C01499A1}
		{551E69E3-0C26-442A-8283-CB729091CADB} = {8ED19E7B-BE32-43CE-A813-B847C01499A1}
	EndGlobalSection
	GlobalSection(ExtensibilityGlobals) = postSolution
		SolutionGuid = {4A973DEE-21D6-4613-AEB4-416C07901D27}
	EndGlobalSection
EndGlobal
